
Microsoft Visual Studio Solution File, Format Version 12.00
# Visual Studio Version 17
VisualStudioVersion = 17.2.32616.157
MinimumVisualStudioVersion = 10.0.40219.1
Project("{FAE04EC0-301F-11D3-BF4B-00C04F79EFBC}") = "CustomRichPresence", "CustomRichPresence.csproj", "{F42C7B1B-2358-4B71-990A-8BF60DF86689}"
EndProject
Global
	GlobalSection(SolutionConfigurationPlatforms) = preSolution
		Debug|Any CPU = Debug|Any CPU
		Release|Any CPU = Release|Any CPU
	EndGlobalSection
	GlobalSection(ProjectConfigurationPlatforms) = postSolution
		{F42C7B1B-2358-4B71-990A-8BF60DF86689}.Debug|Any CPU.ActiveCfg = Debug|Any CPU
		{F42C7B1B-2358-4B71-990A-8BF60DF86689}.Debug|Any CPU.Build.0 = Debug|Any CPU
		{F42C7B1B-2358-4B71-990A-8BF60DF86689}.Release|Any CPU.ActiveCfg = Release|Any CPU
		{F42C7B1B-2358-4B71-990A-8BF60DF86689}.Release|Any CPU.Build.0 = Release|Any CPU
	EndGlobalSection
	GlobalSection(SolutionProperties) = preSolution
		HideSolutionNode = FALSE
	EndGlobalSection
	GlobalSection(ExtensibilityGlobals) = postSolution
		SolutionGuid = {5896A7EA-19AE-422B-ADD7-FC9381BD57D2}
	EndGlobalSection
EndGlobal
